// !$*UTF8*$!
{
	archiveVersion = 1;
	classes = {
	};
	objectVersion = 48;
	objects = {

/* Begin PBXBuildFile section */
		7500A6BB200CAC9A00C194B1 /* AppDelegate.swift in Sources */ = {isa = PBXBuildFile; fileRef = 7500A6BA200CAC9A00C194B1 /* AppDelegate.swift */; };
		7500A6C0200CAC9A00C194B1 /* Main.storyboard in Resources */ = {isa = PBXBuildFile; fileRef = 7500A6BE200CAC9A00C194B1 /* Main.storyboard */; };
		7500A6C2200CAC9A00C194B1 /* Assets.xcassets in Resources */ = {isa = PBXBuildFile; fileRef = 7500A6C1200CAC9A00C194B1 /* Assets.xcassets */; };
		7500A6C5200CAC9A00C194B1 /* LaunchScreen.storyboard in Resources */ = {isa = PBXBuildFile; fileRef = 7500A6C3200CAC9A00C194B1 /* LaunchScreen.storyboard */; };
		7500A6CD200CACD200C194B1 /* NewsFeedVC.swift in Sources */ = {isa = PBXBuildFile; fileRef = 7500A6CC200CACD200C194B1 /* NewsFeedVC.swift */; };
		7500A6CF200CBECB00C194B1 /* AboutVC.swift in Sources */ = {isa = PBXBuildFile; fileRef = 7500A6CE200CBECB00C194B1 /* AboutVC.swift */; };
		75CA2425200DE74600F0A725 /* ReachabilityVC.swift in Sources */ = {isa = PBXBuildFile; fileRef = 75CA2424200DE74600F0A725 /* ReachabilityVC.swift */; };
		75CA2427200DEE5F00F0A725 /* CommercialVC.swift in Sources */ = {isa = PBXBuildFile; fileRef = 75CA2426200DEE5F00F0A725 /* CommercialVC.swift */; };
/* End PBXBuildFile section */

/* Begin PBXFileReference section */
		7500A6B7200CAC9A00C194B1 /* Wylsacom News Reader.app */ = {isa = PBXFileReference; explicitFileType = wrapper.application; includeInIndex = 0; path = "Wylsacom News Reader.app"; sourceTree = BUILT_PRODUCTS_DIR; };
		7500A6BA200CAC9A00C194B1 /* AppDelegate.swift */ = {isa = PBXFileReference; lastKnownFileType = sourcecode.swift; path = AppDelegate.swift; sourceTree = "<group>"; };
		7500A6BF200CAC9A00C194B1 /* Base */ = {isa = PBXFileReference; lastKnownFileType = file.storyboard; name = Base; path = Base.lproj/Main.storyboard; sourceTree = "<group>"; };
		7500A6C1200CAC9A00C194B1 /* Assets.xcassets */ = {isa = PBXFileReference; lastKnownFileType = folder.assetcatalog; path = Assets.xcassets; sourceTree = "<group>"; };
		7500A6C4200CAC9A00C194B1 /* Base */ = {isa = PBXFileReference; lastKnownFileType = file.storyboard; name = Base; path = Base.lproj/LaunchScreen.storyboard; sourceTree = "<group>"; };
		7500A6C6200CAC9A00C194B1 /* Info.plist */ = {isa = PBXFileReference; lastKnownFileType = text.plist.xml; path = Info.plist; sourceTree = "<group>"; };
		7500A6CC200CACD200C194B1 /* NewsFeedVC.swift */ = {isa = PBXFileReference; lastKnownFileType = sourcecode.swift; path = NewsFeedVC.swift; sourceTree = "<group>"; };
		7500A6CE200CBECB00C194B1 /* AboutVC.swift */ = {isa = PBXFileReference; lastKnownFileType = sourcecode.swift; path = AboutVC.swift; sourceTree = "<group>"; };
		75CA2424200DE74600F0A725 /* ReachabilityVC.swift */ = {isa = PBXFileReference; lastKnownFileType = sourcecode.swift; path = ReachabilityVC.swift; sourceTree = "<group>"; };
		75CA2426200DEE5F00F0A725 /* CommercialVC.swift */ = {isa = PBXFileReference; lastKnownFileType = sourcecode.swift; path = CommercialVC.swift; sourceTree = "<group>"; };
/* End PBXFileReference section */

/* Begin PBXFrameworksBuildPhase section */
		7500A6B4200CAC9A00C194B1 /* Frameworks */ = {
			isa = PBXFrameworksBuildPhase;
			buildActionMask = 2147483647;
			files = (
			);
			runOnlyForDeploymentPostprocessing = 0;
		};
/* End PBXFrameworksBuildPhase section */

/* Begin PBXGroup section */
		7500A6AE200CAC9A00C194B1 = {
			isa = PBXGroup;
			children = (
				7500A6B9200CAC9A00C194B1 /* Wylsacom News Reader */,
				7500A6B8200CAC9A00C194B1 /* Products */,
			);
			sourceTree = "<group>";
		};
		7500A6B8200CAC9A00C194B1 /* Products */ = {
			isa = PBXGroup;
			children = (
				7500A6B7200CAC9A00C194B1 /* Wylsacom News Reader.app */,
			);
			name = Products;
			sourceTree = "<group>";
		};
		7500A6B9200CAC9A00C194B1 /* Wylsacom News Reader */ = {
			isa = PBXGroup;
			children = (
				7500A6BA200CAC9A00C194B1 /* AppDelegate.swift */,
				7500A6BE200CAC9A00C194B1 /* Main.storyboard */,
				7500A6CE200CBECB00C194B1 /* AboutVC.swift */,
				75CA2426200DEE5F00F0A725 /* CommercialVC.swift */,
				7500A6CC200CACD200C194B1 /* NewsFeedVC.swift */,
				75CA2424200DE74600F0A725 /* ReachabilityVC.swift */,
				7500A6C1200CAC9A00C194B1 /* Assets.xcassets */,
				7500A6C3200CAC9A00C194B1 /* LaunchScreen.storyboard */,
				7500A6C6200CAC9A00C194B1 /* Info.plist */,
			);
			path = "Wylsacom News Reader";
			sourceTree = "<group>";
		};
/* End PBXGroup section */

/* Begin PBXNativeTarget section */
		7500A6B6200CAC9A00C194B1 /* Wylsacom News Reader */ = {
			isa = PBXNativeTarget;
			buildConfigurationList = 7500A6C9200CAC9A00C194B1 /* Build configuration list for PBXNativeTarget "Wylsacom News Reader" */;
			buildPhases = (
				7500A6B3200CAC9A00C194B1 /* Sources */,
				7500A6B4200CAC9A00C194B1 /* Frameworks */,
				7500A6B5200CAC9A00C194B1 /* Resources */,
			);
			buildRules = (
			);
			dependencies = (
			);
			name = "Wylsacom News Reader";
			productName = "Wylsacom News Reader";
			productReference = 7500A6B7200CAC9A00C194B1 /* Wylsacom News Reader.app */;
			productType = "com.apple.product-type.application";
		};
/* End PBXNativeTarget section */

/* Begin PBXProject section */
		7500A6AF200CAC9A00C194B1 /* Project object */ = {
			isa = PBXProject;
			attributes = {
				LastSwiftUpdateCheck = 0920;
				LastUpgradeCheck = 0920;
				ORGANIZATIONNAME = "Uladzislau Daratsiuk";
				TargetAttributes = {
					7500A6B6200CAC9A00C194B1 = {
						CreatedOnToolsVersion = 9.2;
						ProvisioningStyle = Automatic;
					};
				};
			};
			buildConfigurationList = 7500A6B2200CAC9A00C194B1 /* Build configuration list for PBXProject "Wylsacom News Reader" */;
			compatibilityVersion = "Xcode 8.0";
			developmentRegion = en;
			hasScannedForEncodings = 0;
			knownRegions = (
				en,
				Base,
			);
			mainGroup = 7500A6AE200CAC9A00C194B1;
			productRefGroup = 7500A6B8200CAC9A00C194B1 /* Products */;
			projectDirPath = "";
			projectRoot = "";
			targets = (
				7500A6B6200CAC9A00C194B1 /* Wylsacom News Reader */,
			);
		};
/* End PBXProject section */

/* Begin PBXResourcesBuildPhase section */
		7500A6B5200CAC9A00C194B1 /* Resources */ = {
			isa = PBXResourcesBuildPhase;
			buildActionMask = 2147483647;
			files = (
				7500A6C5200CAC9A00C194B1 /* LaunchScreen.storyboard in Resources */,
				7500A6C2200CAC9A00C194B1 /* Assets.xcassets in Resources */,
				7500A6C0200CAC9A00C194B1 /* Main.storyboard in Resources */,
			);
			runOnlyForDeploymentPostprocessing = 0;
		};
/* End PBXResourcesBuildPhase section */

/* Begin PBXSourcesBuildPhase section */
		7500A6B3200CAC9A00C194B1 /* Sources */ = {
			isa = PBXSourcesBuildPhase;
			buildActionMask = 2147483647;
			files = (
				7500A6BB200CAC9A00C194B1 /* AppDelegate.swift in Sources */,
				75CA2425200DE74600F0A725 /* ReachabilityVC.swift in Sources */,
				7500A6CD200CACD200C194B1 /* NewsFeedVC.swift in Sources */,
				75CA2427200DEE5F00F0A725 /* CommercialVC.swift in Sources */,
				7500A6CF200CBECB00C194B1 /* AboutVC.swift in Sources */,
			);
			runOnlyForDeploymentPostprocessing = 0;
		};
/* End PBXSourcesBuildPhase section */

/* Begin PBXVariantGroup section */
		7500A6BE200CAC9A00C194B1 /* Main.storyboard */ = {
			isa = PBXVariantGroup;
			children = (
				7500A6BF200CAC9A00C194B1 /* Base */,
			);
			name = Main.storyboard;
			sourceTree = "<group>";
		};
		7500A6C3200CAC9A00C194B1 /* LaunchScreen.storyboard */ = {
			isa = PBXVariantGroup;
			children = (
				7500A6C4200CAC9A00C194B1 /* Base */,
			);
			name = LaunchScreen.storyboard;
			sourceTree = "<group>";
		};
/* End PBXVariantGroup section */

/* Begin XCBuildConfiguration section */
		7500A6C7200CAC9A00C194B1 /* Debug */ = {
			isa = XCBuildConfiguration;
			buildSettings = {
				ALWAYS_SEARCH_USER_PATHS = NO;
				CLANG_ANALYZER_NONNULL = YES;
				CLANG_ANALYZER_NUMBER_OBJECT_CONVERSION = YES_AGGRESSIVE;
				CLANG_CXX_LANGUAGE_STANDARD = "gnu++14";
				CLANG_CXX_LIBRARY = "libc++";
				CLANG_ENABLE_MODULES = YES;
				CLANG_ENABLE_OBJC_ARC = YES;
				CLANG_WARN_BLOCK_CAPTURE_AUTORELEASING = YES;
				CLANG_WARN_BOOL_CONVERSION = YES;
				CLANG_WARN_COMMA = YES;
				CLANG_WARN_CONSTANT_CONVERSION = YES;
				CLANG_WARN_DIRECT_OBJC_ISA_USAGE = YES_ERROR;
				CLANG_WARN_DOCUMENTATION_COMMENTS = YES;
				CLANG_WARN_EMPTY_BODY = YES;
				CLANG_WARN_ENUM_CONVERSION = YES;
				CLANG_WARN_INFINITE_RECURSION = YES;
				CLANG_WARN_INT_CONVERSION = YES;
				CLANG_WARN_NON_LITERAL_NULL_CONVERSION = YES;
				CLANG_WARN_OBJC_LITERAL_CONVERSION = YES;
				CLANG_WARN_OBJC_ROOT_CLASS = YES_ERROR;
				CLANG_WARN_RANGE_LOOP_ANALYSIS = YES;
				CLANG_WARN_STRICT_PROTOTYPES = YES;
				CLANG_WARN_SUSPICIOUS_MOVE = YES;
				CLANG_WARN_UNGUARDED_AVAILABILITY = YES_AGGRESSIVE;
				CLANG_WARN_UNREACHABLE_CODE = YES;
				CLANG_WARN__DUPLICATE_METHOD_MATCH = YES;
				CODE_SIGN_IDENTITY = "iPhone Developer";
				COPY_PHASE_STRIP = NO;
				DEBUG_INFORMATION_FORMAT = dwarf;
				ENABLE_STRICT_OBJC_MSGSEND = YES;
				ENABLE_TESTABILITY = YES;
				GCC_C_LANGUAGE_STANDARD = gnu11;
				GCC_DYNAMIC_NO_PIC = NO;
				GCC_NO_COMMON_BLOCKS = YES;
				GCC_OPTIMIZATION_LEVEL = 0;
				GCC_PREPROCESSOR_DEFINITIONS = (
					"DEBUG=1",
					"$(inherited)",
				);
				GCC_WARN_64_TO_32_BIT_CONVERSION = YES;
				GCC_WARN_ABOUT_RETURN_TYPE = YES_ERROR;
				GCC_WARN_UNDECLARED_SELECTOR = YES;
				GCC_WARN_UNINITIALIZED_AUTOS = YES_AGGRESSIVE;
				GCC_WARN_UNUSED_FUNCTION = YES;
				GCC_WARN_UNUSED_VARIABLE = YES;
				IPHONEOS_DEPLOYMENT_TARGET = 11.2;
				MTL_ENABLE_DEBUG_INFO = YES;
				ONLY_ACTIVE_ARCH = YES;
				SDKROOT = iphoneos;
				SWIFT_ACTIVE_COMPILATION_CONDITIONS = DEBUG;
				SWIFT_OPTIMIZATION_LEVEL = "-Onone";
			};
			name = Debug;
		};
		7500A6C8200CAC9A00C194B1 /* Release */ = {
			isa = XCBuildConfiguration;
			buildSettings = {
				ALWAYS_SEARCH_USER_PATHS = NO;
				CLANG_ANALYZER_NONNULL = YES;
				CLANG_ANALYZER_NUMBER_OBJECT_CONVERSION = YES_AGGRESSIVE;
				CLANG_CXX_LANGUAGE_STANDARD = "gnu++14";
				CLANG_CXX_LIBRARY = "libc++";
				CLANG_ENABLE_MODULES = YES;
				CLANG_ENABLE_OBJC_ARC = YES;
				CLANG_WARN_BLOCK_CAPTURE_AUTORELEASING = YES;
				CLANG_WARN_BOOL_CONVERSION = YES;
				CLANG_WARN_COMMA = YES;
				CLANG_WARN_CONSTANT_CONVERSION = YES;
				CLANG_WARN_DIRECT_OBJC_ISA_USAGE = YES_ERROR;
				CLANG_WARN_DOCUMENTATION_COMMENTS = YES;
				CLANG_WARN_EMPTY_BODY = YES;
				CLANG_WARN_ENUM_CONVERSION = YES;
				CLANG_WARN_INFINITE_RECURSION = YES;
				CLANG_WARN_INT_CONVERSION = YES;
				CLANG_WARN_NON_LITERAL_NULL_CONVERSION = YES;
				CLANG_WARN_OBJC_LITERAL_CONVERSION = YES;
				CLANG_WARN_OBJC_ROOT_CLASS = YES_ERROR;
				CLANG_WARN_RANGE_LOOP_ANALYSIS = YES;
				CLANG_WARN_STRICT_PROTOTYPES = YES;
				CLANG_WARN_SUSPICIOUS_MOVE = YES;
				CLANG_WARN_UNGUARDED_AVAILABILITY = YES_AGGRESSIVE;
				CLANG_WARN_UNREACHABLE_CODE = YES;
				CLANG_WARN__DUPLICATE_METHOD_MATCH = YES;
				CODE_SIGN_IDENTITY = "iPhone Developer";
				COPY_PHASE_STRIP = NO;
				DEBUG_INFORMATION_FORMAT = "dwarf-with-dsym";
				ENABLE_NS_ASSERTIONS = NO;
				ENABLE_STRICT_OBJC_MSGSEND = YES;
				GCC_C_LANGUAGE_STANDARD = gnu11;
				GCC_NO_COMMON_BLOCKS = YES;
				GCC_WARN_64_TO_32_BIT_CONVERSION = YES;
				GCC_WARN_ABOUT_RETURN_TYPE = YES_ERROR;
				GCC_WARN_UNDECLARED_SELECTOR = YES;
				GCC_WARN_UNINITIALIZED_AUTOS = YES_AGGRESSIVE;
				GCC_WARN_UNUSED_FUNCTION = YES;
				GCC_WARN_UNUSED_VARIABLE = YES;
				IPHONEOS_DEPLOYMENT_TARGET = 11.2;
				MTL_ENABLE_DEBUG_INFO = NO;
				SDKROOT = iphoneos;
				SWIFT_OPTIMIZATION_LEVEL = "-Owholemodule";
				VALIDATE_PRODUCT = YES;
			};
			name = Release;
		};
		7500A6CA200CAC9A00C194B1 /* Debug */ = {
			isa = XCBuildConfiguration;
			buildSettings = {
				ASSETCATALOG_COMPILER_APPICON_NAME = AppIcon;
				CODE_SIGN_STYLE = Automatic;
				DEVELOPMENT_TEAM = Z4NGAZXKWW;
				INFOPLIST_FILE = "Wylsacom News Reader/Info.plist";
				LD_RUNPATH_SEARCH_PATHS = "$(inherited) @executable_path/Frameworks";
				PRODUCT_BUNDLE_IDENTIFIER = "Uladzislau-Daratsiuk.Wylsacom-News-Reader";
				PRODUCT_NAME = "$(TARGET_NAME)";
				SWIFT_VERSION = 4.0;
				TARGETED_DEVICE_FAMILY = "1,2";
			};
			name = Debug;
		};
		7500A6CB200CAC9A00C194B1 /* Release */ = {
			isa = XCBuildConfiguration;
			buildSettings = {
				ASSETCATALOG_COMPILER_APPICON_NAME = AppIcon;
				CODE_SIGN_STYLE = Automatic;
				DEVELOPMENT_TEAM = Z4NGAZXKWW;
				INFOPLIST_FILE = "Wylsacom News Reader/Info.plist";
				LD_RUNPATH_SEARCH_PATHS = "$(inherited) @executable_path/Frameworks";
				PRODUCT_BUNDLE_IDENTIFIER = "Uladzislau-Daratsiuk.Wylsacom-News-Reader";
				PRODUCT_NAME = "$(TARGET_NAME)";
				SWIFT_VERSION = 4.0;
				TARGETED_DEVICE_FAMILY = "1,2";
			};
			name = Release;
		};
/* End XCBuildConfiguration section */

/* Begin XCConfigurationList section */
		7500A6B2200CAC9A00C194B1 /* Build configuration list for PBXProject "Wylsacom News Reader" */ = {
			isa = XCConfigurationList;
			buildConfigurations = (
				7500A6C7200CAC9A00C194B1 /* Debug */,
				7500A6C8200CAC9A00C194B1 /* Release */,
			);
			defaultConfigurationIsVisible = 0;
			defaultConfigurationName = Release;
		};
		7500A6C9200CAC9A00C194B1 /* Build configuration list for PBXNativeTarget "Wylsacom News Reader" */ = {
			isa = XCConfigurationList;
			buildConfigurations = (
				7500A6CA200CAC9A00C194B1 /* Debug */,
				7500A6CB200CAC9A00C194B1 /* Release */,
			);
			defaultConfigurationIsVisible = 0;
			defaultConfigurationName = Release;
		};
/* End XCConfigurationList section */
	};
	rootObject = 7500A6AF200CAC9A00C194B1 /* Project object */;
}
